<?xml version="1.0" encoding="utf-8"?>
<Project ToolsVersion="4.0" xmlns="http://schemas.microsoft.com/developer/msbuild/2003">
  <ItemGroup>
    <Filter Include="ソース ファイル">
      <UniqueIdentifier>{4FC737F1-C7A5-4376-A066-2A32D752A2FF}</UniqueIdentifier>
      <Extensions>cpp;c;cc;cxx;c++;cppm;ixx;def;odl;idl;hpj;bat;asm;asmx</Extensions>
    </Filter>
    <Filter Include="ヘッダー ファイル">
      <UniqueIdentifier>{93995380-89BD-4b04-88EB-625FBE52EBFB}</UniqueIdentifier>
      <Extensions>h;hh;hpp;hxx;h++;hm;inl;inc;ipp;xsd</Extensions>
    </Filter>
    <Filter Include="リソース ファイル">
      <UniqueIdentifier>{67DA6AB6-F800-4c08-8B7A-83BB121AAD01}</UniqueIdentifier>
      <Extensions>rc;ico;cur;bmp;dlg;rc2;rct;bin;rgs;gif;jpg;jpeg;jpe;resx;tiff;tif;png;wav;mfcribbon-ms</Extensions>
    </Filter>
    <Filter Include="ソース ファイル\BaseClass">
      <UniqueIdentifier>{6ac103dd-8346-43fd-a0b2-fd4ae01240ce}</UniqueIdentifier>
    </Filter>
    <Filter Include="ソース ファイル\BaseClass\2D">
      <UniqueIdentifier>{145352cf-41e6-47c4-935a-c0e85c52ee36}</UniqueIdentifier>
    </Filter>
    <Filter Include="ソース ファイル\BaseClass\3D">
      <UniqueIdentifier>{a8f27f14-8f7e-4efe-8216-c5b90baf5547}</UniqueIdentifier>
    </Filter>
    <Filter Include="ソース ファイル\BaseClass\Object">
      <UniqueIdentifier>{94e63e17-d842-4929-87bf-6806285154ac}</UniqueIdentifier>
    </Filter>
    <Filter Include="ソース ファイル\Physics">
      <UniqueIdentifier>{d826c114-c7eb-456c-85f4-05de928d309f}</UniqueIdentifier>
    </Filter>
    <Filter Include="ソース ファイル\Physics\Collider">
      <UniqueIdentifier>{a12984fc-c9d2-49f3-ac1a-1f40b0e8ba25}</UniqueIdentifier>
    </Filter>
    <Filter Include="ソース ファイル\Physics\Collision">
      <UniqueIdentifier>{fd781062-acb0-4789-a4f6-b46d5d8134f2}</UniqueIdentifier>
    </Filter>
    <Filter Include="ソース ファイル\Charactor">
      <UniqueIdentifier>{eeefe4b7-0ce5-474e-afa2-eac34acc7f75}</UniqueIdentifier>
    </Filter>
    <Filter Include="ソース ファイル\Charactor\Player">
      <UniqueIdentifier>{5711bbc8-c959-422b-89ea-4e22759abd09}</UniqueIdentifier>
    </Filter>
    <Filter Include="ソース ファイル\Charactor\Enemy">
      <UniqueIdentifier>{a64579a3-0b9b-459c-a0d0-46847cc88c3e}</UniqueIdentifier>
    </Filter>
    <Filter Include="ソース ファイル\Charactor\Array">
      <UniqueIdentifier>{4812ad21-4693-43e9-802e-9c6477b2832b}</UniqueIdentifier>
    </Filter>
    <Filter Include="ソース ファイル\Charactor\Defence">
      <UniqueIdentifier>{3fbfdd4d-8783-423d-9d1c-4e4e3877ed3b}</UniqueIdentifier>
    </Filter>
    <Filter Include="ソース ファイル\Scenes">
      <UniqueIdentifier>{ef473418-6d44-424c-bfd5-c8257cf6c8a8}</UniqueIdentifier>
    </Filter>
    <Filter Include="ソース ファイル\Scenes\BaseScene">
      <UniqueIdentifier>{88135b18-20b6-460f-812c-546a7482948c}</UniqueIdentifier>
    </Filter>
    <Filter Include="ソース ファイル\Scenes\SceneManager">
      <UniqueIdentifier>{e903b709-abda-4d81-93f8-c0c28f5f0d17}</UniqueIdentifier>
    </Filter>
    <Filter Include="ソース ファイル\Scenes\SceneObject">
      <UniqueIdentifier>{b8eb7756-26f6-4d4c-9b64-8f5d112fd7de}</UniqueIdentifier>
    </Filter>
    <Filter Include="ソース ファイル\Manager">
      <UniqueIdentifier>{b79554dc-9150-4edb-9659-2252a88e248e}</UniqueIdentifier>
    </Filter>
    <Filter Include="ソース ファイル\2DUI">
      <UniqueIdentifier>{8eda9416-1573-439b-9b99-4a18e9cefa91}</UniqueIdentifier>
    </Filter>
    <Filter Include="ソース ファイル\XFile">
      <UniqueIdentifier>{2b3460a0-2453-45ad-a849-b7352cc7a83b}</UniqueIdentifier>
    </Filter>
    <Filter Include="ソース ファイル\3D">
      <UniqueIdentifier>{8cb632e6-9d24-409d-9ced-b78fca3a4b10}</UniqueIdentifier>
    </Filter>
    <Filter Include="ソース ファイル\Mesh">
      <UniqueIdentifier>{f302098c-0dbb-4f89-8c8d-a53da4bbd7f2}</UniqueIdentifier>
    </Filter>
    <Filter Include="ソース ファイル\Effect">
      <UniqueIdentifier>{e9ad9d04-6f39-4404-9028-ca0b721b222a}</UniqueIdentifier>
    </Filter>
    <Filter Include="ソース ファイル\Particle">
      <UniqueIdentifier>{6d817eb8-b773-4e6d-97f2-65d7345dbbc3}</UniqueIdentifier>
    </Filter>
    <Filter Include="ソース ファイル\MainLoop">
      <UniqueIdentifier>{0d20b76b-6356-4d06-ae4f-d001c30f2a81}</UniqueIdentifier>
    </Filter>
    <Filter Include="ソース ファイル\State">
      <UniqueIdentifier>{dc18504c-85bc-42d5-b1df-e3bedb3f3f92}</UniqueIdentifier>
    </Filter>
    <Filter Include="ソース ファイル\State\Base">
      <UniqueIdentifier>{fe53ca45-9ba6-47fd-bb2d-e0a1d5ff6f87}</UniqueIdentifier>
    </Filter>
    <Filter Include="ソース ファイル\State\child">
      <UniqueIdentifier>{f5e176f6-e840-4106-81a2-d1bd87b7d873}</UniqueIdentifier>
    </Filter>
    <Filter Include="ソース ファイル\Support">
      <UniqueIdentifier>{726420a0-37fd-4834-8583-040ef8627d36}</UniqueIdentifier>
    </Filter>
    <Filter Include="ソース ファイル\OutSide">
      <UniqueIdentifier>{6ada1189-bc7e-4c8d-ab7c-2eb187f3ce55}</UniqueIdentifier>
    </Filter>
    <Filter Include="ソース ファイル\Charactor\Motion">
      <UniqueIdentifier>{f7108593-c7dd-4ce7-a408-ad9a6d3bf18c}</UniqueIdentifier>
    </Filter>
    <Filter Include="ソース ファイル\Charactor\Param">
      <UniqueIdentifier>{a746d536-8fe7-407a-9621-7dc31edd5376}</UniqueIdentifier>
    </Filter>
    <Filter Include="ソース ファイル\State\Player">
      <UniqueIdentifier>{5d77f927-e4d1-4d8e-a8a6-b245a924ddf8}</UniqueIdentifier>
    </Filter>
    <Filter Include="ソース ファイル\State\Enemy">
      <UniqueIdentifier>{765cd623-4322-44d8-a0b2-79d4772ef6b9}</UniqueIdentifier>
    </Filter>
  </ItemGroup>
  <ItemGroup>
    <ClCompile Include="object2D.cpp">
      <Filter>ソース ファイル\BaseClass\2D</Filter>
    </ClCompile>
    <ClCompile Include="object3D.cpp">
      <Filter>ソース ファイル\BaseClass\3D</Filter>
    </ClCompile>
    <ClCompile Include="objectX.cpp">
      <Filter>ソース ファイル\BaseClass\3D</Filter>
    </ClCompile>
    <ClCompile Include="billboard.cpp">
      <Filter>ソース ファイル\BaseClass\3D</Filter>
    </ClCompile>
    <ClCompile Include="object.cpp">
      <Filter>ソース ファイル\BaseClass\Object</Filter>
    </ClCompile>
    <ClCompile Include="movecharactor.cpp">
      <Filter>ソース ファイル\BaseClass\Object</Filter>
    </ClCompile>
    <ClCompile Include="nomovecharactor.cpp">
      <Filter>ソース ファイル\BaseClass\Object</Filter>
    </ClCompile>
    <ClCompile Include="collider.cpp">
      <Filter>ソース ファイル\Physics\Collider</Filter>
    </ClCompile>
    <ClCompile Include="boxcollider.cpp">
      <Filter>ソース ファイル\Physics\Collider</Filter>
    </ClCompile>
    <ClCompile Include="collision.cpp">
      <Filter>ソース ファイル\Physics\Collision</Filter>
    </ClCompile>
    <ClCompile Include="collisionbox.cpp">
      <Filter>ソース ファイル\Physics\Collision</Filter>
    </ClCompile>
    <ClCompile Include="collisionsphere.cpp">
      <Filter>ソース ファイル\Physics\Collision</Filter>
    </ClCompile>
    <ClCompile Include="spherecollider.cpp">
      <Filter>ソース ファイル\Physics\Collider</Filter>
    </ClCompile>
    <ClCompile Include="manager.cpp">
      <Filter>ソース ファイル\MainLoop</Filter>
    </ClCompile>
    <ClCompile Include="array.cpp">
      <Filter>ソース ファイル\Charactor\Array</Filter>
    </ClCompile>
    <ClCompile Include="enemy.cpp">
      <Filter>ソース ファイル\Charactor\Enemy</Filter>
    </ClCompile>
    <ClCompile Include="player.cpp">
      <Filter>ソース ファイル\Charactor\Player</Filter>
    </ClCompile>
    <ClCompile Include="queen.cpp">
      <Filter>ソース ファイル\Charactor\Defence</Filter>
    </ClCompile>
    <ClCompile Include="arraymanager.cpp">
      <Filter>ソース ファイル\Charactor\Array</Filter>
    </ClCompile>
    <ClCompile Include="block.cpp">
      <Filter>ソース ファイル\XFile</Filter>
    </ClCompile>
    <ClCompile Include="blockmanager.cpp">
      <Filter>ソース ファイル\Manager</Filter>
    </ClCompile>
    <ClCompile Include="meshcylinder.cpp">
      <Filter>ソース ファイル\Mesh</Filter>
    </ClCompile>
    <ClCompile Include="meshdome.cpp">
      <Filter>ソース ファイル\Mesh</Filter>
    </ClCompile>
    <ClCompile Include="meshfield.cpp">
      <Filter>ソース ファイル\Mesh</Filter>
    </ClCompile>
    <ClCompile Include="meshimpact.cpp">
      <Filter>ソース ファイル\Mesh</Filter>
    </ClCompile>
    <ClCompile Include="meshpiler.cpp">
      <Filter>ソース ファイル\Mesh</Filter>
    </ClCompile>
    <ClCompile Include="gamemanager.cpp">
      <Filter>ソース ファイル\Scenes\SceneManager</Filter>
    </ClCompile>
    <ClCompile Include="resultmanager.cpp">
      <Filter>ソース ファイル\Scenes\SceneManager</Filter>
    </ClCompile>
    <ClCompile Include="rankingmanager.cpp">
      <Filter>ソース ファイル\Scenes\SceneManager</Filter>
    </ClCompile>
    <ClCompile Include="tutorialmanager.cpp">
      <Filter>ソース ファイル\Scenes\SceneManager</Filter>
    </ClCompile>
    <ClCompile Include="titlemanager.cpp">
      <Filter>ソース ファイル\Scenes\SceneManager</Filter>
    </ClCompile>
    <ClCompile Include="gamesceneobject.cpp">
      <Filter>ソース ファイル\Scenes\SceneObject</Filter>
    </ClCompile>
    <ClCompile Include="titleobject.cpp">
      <Filter>ソース ファイル\Scenes\SceneObject</Filter>
    </ClCompile>
    <ClCompile Include="game.cpp">
      <Filter>ソース ファイル\Scenes\BaseScene</Filter>
    </ClCompile>
    <ClCompile Include="fade.cpp">
      <Filter>ソース ファイル\Scenes\BaseScene</Filter>
    </ClCompile>
    <ClCompile Include="main.cpp">
      <Filter>ソース ファイル\MainLoop</Filter>
    </ClCompile>
    <ClCompile Include="loseresult.cpp">
      <Filter>ソース ファイル\Scenes\BaseScene</Filter>
    </ClCompile>
    <ClCompile Include="ranking.cpp">
      <Filter>ソース ファイル\Scenes\BaseScene</Filter>
    </ClCompile>
    <ClCompile Include="result.cpp">
      <Filter>ソース ファイル\Scenes\BaseScene</Filter>
    </ClCompile>
    <ClCompile Include="title.cpp">
      <Filter>ソース ファイル\Scenes\BaseScene</Filter>
    </ClCompile>
    <ClCompile Include="tutorial.cpp">
      <Filter>ソース ファイル\Scenes\BaseScene</Filter>
    </ClCompile>
    <ClCompile Include="state.cpp">
      <Filter>ソース ファイル\State\Base</Filter>
    </ClCompile>
    <ClCompile Include="statemachine.cpp">
      <Filter>ソース ファイル\State\Base</Filter>
    </ClCompile>
    <ClCompile Include="gamestate.cpp">
      <Filter>ソース ファイル\State\child</Filter>
    </ClCompile>
    <ClCompile Include="enemystatebase.cpp">
      <Filter>ソース ファイル\State\Base</Filter>
    </ClCompile>
    <ClCompile Include="effect.cpp">
      <Filter>ソース ファイル\Effect</Filter>
    </ClCompile>
    <ClCompile Include="effectlaser.cpp">
      <Filter>ソース ファイル\Effect</Filter>
    </ClCompile>
    <ClCompile Include="effectpiler.cpp">
      <Filter>ソース ファイル\Effect</Filter>
    </ClCompile>
    <ClCompile Include="effectsmoke.cpp">
      <Filter>ソース ファイル\Effect</Filter>
    </ClCompile>
    <ClCompile Include="pausemanager.cpp">
      <Filter>ソース ファイル\Manager</Filter>
    </ClCompile>
    <ClCompile Include="xfilemanager.cpp">
      <Filter>ソース ファイル\Manager</Filter>
    </ClCompile>
    <ClCompile Include="scene.cpp">
      <Filter>ソース ファイル\Scenes\BaseScene</Filter>
    </ClCompile>
    <ClCompile Include="load.cpp">
      <Filter>ソース ファイル\OutSide</Filter>
    </ClCompile>
    <ClCompile Include="texture.cpp">
      <Filter>ソース ファイル\OutSide</Filter>
    </ClCompile>
    <ClCompile Include="sound.cpp">
      <Filter>ソース ファイル\OutSide</Filter>
    </ClCompile>
    <ClCompile Include="camera.cpp">
      <Filter>ソース ファイル\OutSide</Filter>
    </ClCompile>
    <ClCompile Include="easing.cpp">
      <Filter>ソース ファイル\OutSide</Filter>
    </ClCompile>
    <ClCompile Include="debugproc.cpp">
      <Filter>ソース ファイル\OutSide</Filter>
    </ClCompile>
    <ClCompile Include="renderer.cpp">
      <Filter>ソース ファイル\MainLoop</Filter>
    </ClCompile>
    <ClCompile Include="pch.cpp">
      <Filter>ソース ファイル\MainLoop</Filter>
    </ClCompile>
    <ClCompile Include="motion.cpp">
      <Filter>ソース ファイル\Charactor\Motion</Filter>
    </ClCompile>
    <ClCompile Include="model.cpp">
      <Filter>ソース ファイル\Charactor\Motion</Filter>
    </ClCompile>
    <ClCompile Include="parameter.cpp">
      <Filter>ソース ファイル\Charactor\Param</Filter>
    </ClCompile>
    <ClCompile Include="charactorparam.cpp">
      <Filter>ソース ファイル\Charactor\Param</Filter>
    </ClCompile>
    <ClCompile Include="gauge.cpp">
      <Filter>ソース ファイル\2DUI</Filter>
    </ClCompile>
    <ClCompile Include="number.cpp">
      <Filter>ソース ファイル\2DUI</Filter>
    </ClCompile>
    <ClCompile Include="pause.cpp">
      <Filter>ソース ファイル\2DUI</Filter>
    </ClCompile>
    <ClCompile Include="rankingscore.cpp">
      <Filter>ソース ファイル\2DUI</Filter>
    </ClCompile>
    <ClCompile Include="score.cpp">
      <Filter>ソース ファイル\2DUI</Filter>
    </ClCompile>
    <ClCompile Include="time.cpp">
      <Filter>ソース ファイル\2DUI</Filter>
    </ClCompile>
    <ClCompile Include="titleui.cpp">
      <Filter>ソース ファイル\2DUI</Filter>
    </ClCompile>
    <ClCompile Include="tutorialui.cpp">
      <Filter>ソース ファイル\2DUI</Filter>
    </ClCompile>
    <ClCompile Include="ui.cpp">
      <Filter>ソース ファイル\2DUI</Filter>
    </ClCompile>
    <ClCompile Include="shadow.cpp">
      <Filter>ソース ファイル\3D</Filter>
    </ClCompile>
    <ClCompile Include="input.cpp">
      <Filter>ソース ファイル\OutSide</Filter>
    </ClCompile>
    <ClCompile Include="light.cpp">
      <Filter>ソース ファイル\OutSide</Filter>
    </ClCompile>
    <ClCompile Include="shadowS.cpp">
      <Filter>ソース ファイル\XFile</Filter>
    </ClCompile>
    <ClCompile Include="particle.cpp">
      <Filter>ソース ファイル\Particle</Filter>
    </ClCompile>
    <ClCompile Include="playerlifegage.cpp">
      <Filter>ソース ファイル\2DUI</Filter>
    </ClCompile>
    <ClCompile Include="feed.cpp">
      <Filter>ソース ファイル\XFile</Filter>
    </ClCompile>
    <ClCompile Include="playerstatebase.cpp">
      <Filter>ソース ファイル\State\Base</Filter>
    </ClCompile>
    <ClCompile Include="playerstatemove.cpp">
      <Filter>ソース ファイル\State\Player</Filter>
    </ClCompile>
    <ClCompile Include="playerstateneutral.cpp">
      <Filter>ソース ファイル\State\Player</Filter>
    </ClCompile>
    <ClCompile Include="enemystateneutral.cpp">
      <Filter>ソース ファイル\State\Enemy</Filter>
    </ClCompile>
    <ClCompile Include="feedmanager.cpp">
      <Filter>ソース ファイル\Manager</Filter>
    </ClCompile>
    <ClCompile Include="enemystatemove.cpp">
      <Filter>ソース ファイル\State\Enemy</Filter>
    </ClCompile>
    <ClCompile Include="order.cpp">
      <Filter>ソース ファイル\Charactor\Param</Filter>
    </ClCompile>
    <ClCompile Include="worker.cpp">
      <Filter>ソース ファイル\Charactor\Array</Filter>
    </ClCompile>
    <ClCompile Include="selectpoint.cpp">
      <Filter>ソース ファイル\3D</Filter>
    </ClCompile>
    <ClCompile Include="gimmicksuction.cpp">
      <Filter>ソース ファイル\XFile</Filter>
    </ClCompile>
    <ClCompile Include="gimmickmanager.cpp">
      <Filter>ソース ファイル\Manager</Filter>
    </ClCompile>
    <ClCompile Include="move3dobject.cpp">
      <Filter>ソース ファイル</Filter>
    </ClCompile>
  </ItemGroup>
  <ItemGroup>
    <ClInclude Include="billboard.h">
      <Filter>ヘッダー ファイル</Filter>
    </ClInclude>
    <ClInclude Include="boxcollider.h">
      <Filter>ヘッダー ファイル</Filter>
    </ClInclude>
    <ClInclude Include="camera.h">
      <Filter>ヘッダー ファイル</Filter>
    </ClInclude>
    <ClInclude Include="charactorparam.h">
      <Filter>ヘッダー ファイル</Filter>
    </ClInclude>
    <ClInclude Include="collider.h">
      <Filter>ヘッダー ファイル</Filter>
    </ClInclude>
    <ClInclude Include="collision.h">
      <Filter>ヘッダー ファイル</Filter>
    </ClInclude>
    <ClInclude Include="collisionbox.h">
      <Filter>ヘッダー ファイル</Filter>
    </ClInclude>
    <ClInclude Include="collisionsphere.h">
      <Filter>ヘッダー ファイル</Filter>
    </ClInclude>
    <ClInclude Include="debugproc.h">
      <Filter>ヘッダー ファイル</Filter>
    </ClInclude>
    <ClInclude Include="easing.h">
      <Filter>ヘッダー ファイル</Filter>
    </ClInclude>
    <ClInclude Include="effect.h">
      <Filter>ヘッダー ファイル</Filter>
    </ClInclude>
    <ClInclude Include="effectlaser.h">
      <Filter>ヘッダー ファイル</Filter>
    </ClInclude>
    <ClInclude Include="effectpiler.h">
      <Filter>ヘッダー ファイル</Filter>
    </ClInclude>
    <ClInclude Include="effectsmoke.h">
      <Filter>ヘッダー ファイル</Filter>
    </ClInclude>
    <ClInclude Include="enemy.h">
      <Filter>ヘッダー ファイル</Filter>
    </ClInclude>
    <ClInclude Include="enemystateneutral.h">
      <Filter>ヘッダー ファイル</Filter>
    </ClInclude>
    <ClInclude Include="enemystatebase.h">
      <Filter>ヘッダー ファイル</Filter>
    </ClInclude>
    <ClInclude Include="fade.h">
      <Filter>ヘッダー ファイル</Filter>
    </ClInclude>
    <ClInclude Include="gauge.h">
      <Filter>ヘッダー ファイル</Filter>
    </ClInclude>
    <ClInclude Include="game.h">
      <Filter>ヘッダー ファイル</Filter>
    </ClInclude>
    <ClInclude Include="gamemanager.h">
      <Filter>ヘッダー ファイル</Filter>
    </ClInclude>
    <ClInclude Include="gamesceneobject.h">
      <Filter>ヘッダー ファイル</Filter>
    </ClInclude>
    <ClInclude Include="gamestate.h">
      <Filter>ヘッダー ファイル</Filter>
    </ClInclude>
    <ClInclude Include="input.h">
      <Filter>ヘッダー ファイル</Filter>
    </ClInclude>
    <ClInclude Include="json.hpp">
      <Filter>ヘッダー ファイル</Filter>
    </ClInclude>
    <ClInclude Include="light.h">
      <Filter>ヘッダー ファイル</Filter>
    </ClInclude>
    <ClInclude Include="load.h">
      <Filter>ヘッダー ファイル</Filter>
    </ClInclude>
    <ClInclude Include="loseresult.h">
      <Filter>ヘッダー ファイル</Filter>
    </ClInclude>
    <ClInclude Include="main.h">
      <Filter>ヘッダー ファイル</Filter>
    </ClInclude>
    <ClInclude Include="manager.h">
      <Filter>ヘッダー ファイル</Filter>
    </ClInclude>
    <ClInclude Include="meshcylinder.h">
      <Filter>ヘッダー ファイル</Filter>
    </ClInclude>
    <ClInclude Include="meshdome.h">
      <Filter>ヘッダー ファイル</Filter>
    </ClInclude>
    <ClInclude Include="meshfield.h">
      <Filter>ヘッダー ファイル</Filter>
    </ClInclude>
    <ClInclude Include="meshimpact.h">
      <Filter>ヘッダー ファイル</Filter>
    </ClInclude>
    <ClInclude Include="meshpiler.h">
      <Filter>ヘッダー ファイル</Filter>
    </ClInclude>
    <ClInclude Include="model.h">
      <Filter>ヘッダー ファイル</Filter>
    </ClInclude>
    <ClInclude Include="motion.h">
      <Filter>ヘッダー ファイル</Filter>
    </ClInclude>
    <ClInclude Include="movecharactor.h">
      <Filter>ヘッダー ファイル</Filter>
    </ClInclude>
    <ClInclude Include="nomovecharactor.h">
      <Filter>ヘッダー ファイル</Filter>
    </ClInclude>
    <ClInclude Include="number.h">
      <Filter>ヘッダー ファイル</Filter>
    </ClInclude>
    <ClInclude Include="object.h">
      <Filter>ヘッダー ファイル</Filter>
    </ClInclude>
    <ClInclude Include="object2D.h">
      <Filter>ヘッダー ファイル</Filter>
    </ClInclude>
    <ClInclude Include="object3D.h">
      <Filter>ヘッダー ファイル</Filter>
    </ClInclude>
    <ClInclude Include="objectX.h">
      <Filter>ヘッダー ファイル</Filter>
    </ClInclude>
    <ClInclude Include="parameter.h">
      <Filter>ヘッダー ファイル</Filter>
    </ClInclude>
    <ClInclude Include="particle.h">
      <Filter>ヘッダー ファイル</Filter>
    </ClInclude>
    <ClInclude Include="pause.h">
      <Filter>ヘッダー ファイル</Filter>
    </ClInclude>
    <ClInclude Include="pausemanager.h">
      <Filter>ヘッダー ファイル</Filter>
    </ClInclude>
    <ClInclude Include="pch.h">
      <Filter>ヘッダー ファイル</Filter>
    </ClInclude>
    <ClInclude Include="player.h">
      <Filter>ヘッダー ファイル</Filter>
    </ClInclude>
    <ClInclude Include="playerlifegage.h">
      <Filter>ヘッダー ファイル</Filter>
    </ClInclude>
    <ClInclude Include="playerstatebase.h">
      <Filter>ヘッダー ファイル</Filter>
    </ClInclude>
    <ClInclude Include="ranking.h">
      <Filter>ヘッダー ファイル</Filter>
    </ClInclude>
    <ClInclude Include="rankingmanager.h">
      <Filter>ヘッダー ファイル</Filter>
    </ClInclude>
    <ClInclude Include="rankingscore.h">
      <Filter>ヘッダー ファイル</Filter>
    </ClInclude>
    <ClInclude Include="renderer.h">
      <Filter>ヘッダー ファイル</Filter>
    </ClInclude>
    <ClInclude Include="result.h">
      <Filter>ヘッダー ファイル</Filter>
    </ClInclude>
    <ClInclude Include="resultmanager.h">
      <Filter>ヘッダー ファイル</Filter>
    </ClInclude>
    <ClInclude Include="scene.h">
      <Filter>ヘッダー ファイル</Filter>
    </ClInclude>
    <ClInclude Include="score.h">
      <Filter>ヘッダー ファイル</Filter>
    </ClInclude>
    <ClInclude Include="shadow.h">
      <Filter>ヘッダー ファイル</Filter>
    </ClInclude>
    <ClInclude Include="shadowS.h">
      <Filter>ヘッダー ファイル</Filter>
    </ClInclude>
    <ClInclude Include="sound.h">
      <Filter>ヘッダー ファイル</Filter>
    </ClInclude>
    <ClInclude Include="spherecollider.h">
      <Filter>ヘッダー ファイル</Filter>
    </ClInclude>
    <ClInclude Include="state.h">
      <Filter>ヘッダー ファイル</Filter>
    </ClInclude>
    <ClInclude Include="statemachine.h">
      <Filter>ヘッダー ファイル</Filter>
    </ClInclude>
    <ClInclude Include="template.h">
      <Filter>ヘッダー ファイル</Filter>
    </ClInclude>
    <ClInclude Include="texture.h">
      <Filter>ヘッダー ファイル</Filter>
    </ClInclude>
    <ClInclude Include="time.h">
      <Filter>ヘッダー ファイル</Filter>
    </ClInclude>
    <ClInclude Include="title.h">
      <Filter>ヘッダー ファイル</Filter>
    </ClInclude>
    <ClInclude Include="titlemanager.h">
      <Filter>ヘッダー ファイル</Filter>
    </ClInclude>
    <ClInclude Include="titleui.h">
      <Filter>ヘッダー ファイル</Filter>
    </ClInclude>
    <ClInclude Include="tutorial.h">
      <Filter>ヘッダー ファイル</Filter>
    </ClInclude>
    <ClInclude Include="tutorialmanager.h">
      <Filter>ヘッダー ファイル</Filter>
    </ClInclude>
    <ClInclude Include="tutorialui.h">
      <Filter>ヘッダー ファイル</Filter>
    </ClInclude>
    <ClInclude Include="ui.h">
      <Filter>ヘッダー ファイル</Filter>
    </ClInclude>
    <ClInclude Include="xfilemanager.h">
      <Filter>ヘッダー ファイル</Filter>
    </ClInclude>
    <ClInclude Include="titleobject.h">
      <Filter>ヘッダー ファイル</Filter>
    </ClInclude>
    <ClInclude Include="block.h">
      <Filter>ヘッダー ファイル</Filter>
    </ClInclude>
    <ClInclude Include="blockmanager.h">
      <Filter>ヘッダー ファイル</Filter>
    </ClInclude>
    <ClInclude Include="array.h">
      <Filter>ヘッダー ファイル</Filter>
    </ClInclude>
    <ClInclude Include="queen.h">
      <Filter>ヘッダー ファイル</Filter>
    </ClInclude>
    <ClInclude Include="arraymanager.h">
      <Filter>ヘッダー ファイル</Filter>
    </ClInclude>
    <ClInclude Include="feed.h">
      <Filter>ヘッダー ファイル</Filter>
    </ClInclude>
    <ClInclude Include="feedmanager.h">
      <Filter>ヘッダー ファイル</Filter>
    </ClInclude>
    <ClInclude Include="playerstateneutral.h">
      <Filter>ヘッダー ファイル</Filter>
    </ClInclude>
    <ClInclude Include="playerstatemove.h">
      <Filter>ヘッダー ファイル</Filter>
    </ClInclude>
    <ClInclude Include="enemystatemove.h">
      <Filter>ヘッダー ファイル</Filter>
    </ClInclude>
    <ClInclude Include="order.h">
      <Filter>ヘッダー ファイル</Filter>
    </ClInclude>
    <ClInclude Include="worker.h">
      <Filter>ヘッダー ファイル</Filter>
    </ClInclude>
    <ClInclude Include="BS_thread_pool.hpp">
      <Filter>ヘッダー ファイル</Filter>
    </ClInclude>
    <ClInclude Include="selectpoint.h">
      <Filter>ヘッダー ファイル</Filter>
    </ClInclude>
    <ClInclude Include="gimmickmanager.h">
      <Filter>ヘッダー ファイル</Filter>
    </ClInclude>
    <ClInclude Include="gimmicksuction.h">
      <Filter>ヘッダー ファイル</Filter>
    </ClInclude>
    <ClInclude Include="move3dobject.h">
      <Filter>ヘッダー ファイル</Filter>
    </ClInclude>
  </ItemGroup>
</Project>